
Microsoft Visual Studio Solution File, Format Version 12.00
# Visual Studio Version 17
VisualStudioVersion = 17.4.33213.308
MinimumVisualStudioVersion = 10.0.40219.1
Project("{2150E333-8FDC-42A3-9474-1A3956D46DE8}") = "01. Comun", "01. Comun", "{3D32B60F-2EFC-4927-8EB1-698956D0949D}"
EndProject
Project("{2150E333-8FDC-42A3-9474-1A3956D46DE8}") = "02. Modelo", "02. Modelo", "{59014D99-2E88-4D2C-A3C9-95F4B1D44CD3}"
EndProject
Project("{2150E333-8FDC-42A3-9474-1A3956D46DE8}") = "03. Acceso a Datos", "03. Acceso a Datos", "{A1EE4BB3-9151-40D2-87F5-FC2DB436DC2D}"
EndProject
Project("{2150E333-8FDC-42A3-9474-1A3956D46DE8}") = "04. Logica de Negocio", "04. Logica de Negocio", "{12F2C8C6-9B52-4826-ACB9-2B4846386822}"
EndProject
Project("{2150E333-8FDC-42A3-9474-1A3956D46DE8}") = "05. Web API", "05. Web API", "{FA8A5C18-C675-4B1B-B0E5-749C37A487B9}"
EndProject
Project("{FAE04EC0-301F-11D3-BF4B-00C04F79EFBC}") = "Comun", "Comun\Comun.csproj", "{6915A4BF-FB33-4DC1-A363-79F79F09B615}"
EndProject
Project("{FAE04EC0-301F-11D3-BF4B-00C04F79EFBC}") = "Modelo", "Modelo\Modelo.csproj", "{12B3AE4D-6D94-4117-8AB5-A50F47E90354}"
EndProject
Project("{FAE04EC0-301F-11D3-BF4B-00C04F79EFBC}") = "Datos", "Datos\Datos.csproj", "{FF26A5BF-56A1-4E67-8979-97D6A20F80AC}"
EndProject
Project("{FAE04EC0-301F-11D3-BF4B-00C04F79EFBC}") = "Logica", "Logica\Logica.csproj", "{BA58331F-F03A-436E-8FE7-74FF57B5B489}"
EndProject
Project("{FAE04EC0-301F-11D3-BF4B-00C04F79EFBC}") = "WebAPI", "WebAPI\WebAPI.csproj", "{3ED76247-ACB0-4C2D-B3A1-F1F838350C12}"
EndProject
Global
	GlobalSection(SolutionConfigurationPlatforms) = preSolution
		Debug|Any CPU = Debug|Any CPU
		Release|Any CPU = Release|Any CPU
	EndGlobalSection
	GlobalSection(ProjectConfigurationPlatforms) = postSolution
		{6915A4BF-FB33-4DC1-A363-79F79F09B615}.Debug|Any CPU.ActiveCfg = Debug|Any CPU
		{6915A4BF-FB33-4DC1-A363-79F79F09B615}.Debug|Any CPU.Build.0 = Debug|Any CPU
		{6915A4BF-FB33-4DC1-A363-79F79F09B615}.Release|Any CPU.ActiveCfg = Release|Any CPU
		{6915A4BF-FB33-4DC1-A363-79F79F09B615}.Release|Any CPU.Build.0 = Release|Any CPU
		{12B3AE4D-6D94-4117-8AB5-A50F47E90354}.Debug|Any CPU.ActiveCfg = Debug|Any CPU
		{12B3AE4D-6D94-4117-8AB5-A50F47E90354}.Debug|Any CPU.Build.0 = Debug|Any CPU
		{12B3AE4D-6D94-4117-8AB5-A50F47E90354}.Release|Any CPU.ActiveCfg = Release|Any CPU
		{12B3AE4D-6D94-4117-8AB5-A50F47E90354}.Release|Any CPU.Build.0 = Release|Any CPU
		{FF26A5BF-56A1-4E67-8979-97D6A20F80AC}.Debug|Any CPU.ActiveCfg = Debug|Any CPU
		{FF26A5BF-56A1-4E67-8979-97D6A20F80AC}.Debug|Any CPU.Build.0 = Debug|Any CPU
		{FF26A5BF-56A1-4E67-8979-97D6A20F80AC}.Release|Any CPU.ActiveCfg = Release|Any CPU
		{FF26A5BF-56A1-4E67-8979-97D6A20F80AC}.Release|Any CPU.Build.0 = Release|Any CPU
		{BA58331F-F03A-436E-8FE7-74FF57B5B489}.Debug|Any CPU.ActiveCfg = Debug|Any CPU
		{BA58331F-F03A-436E-8FE7-74FF57B5B489}.Debug|Any CPU.Build.0 = Debug|Any CPU
		{BA58331F-F03A-436E-8FE7-74FF57B5B489}.Release|Any CPU.ActiveCfg = Release|Any CPU
		{BA58331F-F03A-436E-8FE7-74FF57B5B489}.Release|Any CPU.Build.0 = Release|Any CPU
		{3ED76247-ACB0-4C2D-B3A1-F1F838350C12}.Debug|Any CPU.ActiveCfg = Debug|Any CPU
		{3ED76247-ACB0-4C2D-B3A1-F1F838350C12}.Debug|Any CPU.Build.0 = Debug|Any CPU
		{3ED76247-ACB0-4C2D-B3A1-F1F838350C12}.Release|Any CPU.ActiveCfg = Release|Any CPU
		{3ED76247-ACB0-4C2D-B3A1-F1F838350C12}.Release|Any CPU.Build.0 = Release|Any CPU
	EndGlobalSection
	GlobalSection(SolutionProperties) = preSolution
		HideSolutionNode = FALSE
	EndGlobalSection
	GlobalSection(NestedProjects) = preSolution
		{6915A4BF-FB33-4DC1-A363-79F79F09B615} = {3D32B60F-2EFC-4927-8EB1-698956D0949D}
		{12B3AE4D-6D94-4117-8AB5-A50F47E90354} = {59014D99-2E88-4D2C-A3C9-95F4B1D44CD3}
		{FF26A5BF-56A1-4E67-8979-97D6A20F80AC} = {A1EE4BB3-9151-40D2-87F5-FC2DB436DC2D}
		{BA58331F-F03A-436E-8FE7-74FF57B5B489} = {12F2C8C6-9B52-4826-ACB9-2B4846386822}
		{3ED76247-ACB0-4C2D-B3A1-F1F838350C12} = {FA8A5C18-C675-4B1B-B0E5-749C37A487B9}
	EndGlobalSection
	GlobalSection(ExtensibilityGlobals) = postSolution
		SolutionGuid = {B36F5308-0FC1-4F2C-AC78-FE3DFF4EB27C}
	EndGlobalSection
EndGlobal
